
Microsoft Visual Studio Solution File, Format Version 12.00
# Visual Studio Version 16
VisualStudioVersion = 16.0.31829.152
MinimumVisualStudioVersion = 10.0.40219.1
Project("{FAE04EC0-301F-11D3-BF4B-00C04F79EFBC}") = "ProjectLTUD", "ProjectLTUD\ProjectLTUD.csproj", "{2AAD8E66-85D0-42FA-8D1B-082CAC9C4620}"
EndProject
Global
	GlobalSection(SolutionConfigurationPlatforms) = preSolution
		Debug|Any CPU = Debug|Any CPU
		Release|Any CPU = Release|Any CPU
	EndGlobalSection
	GlobalSection(ProjectConfigurationPlatforms) = postSolution
		{2AAD8E66-85D0-42FA-8D1B-082CAC9C4620}.Debug|Any CPU.ActiveCfg = Debug|Any CPU
		{2AAD8E66-85D0-42FA-8D1B-082CAC9C4620}.Debug|Any CPU.Build.0 = Debug|Any CPU
		{2AAD8E66-85D0-42FA-8D1B-082CAC9C4620}.Release|Any CPU.ActiveCfg = Release|Any CPU
		{2AAD8E66-85D0-42FA-8D1B-082CAC9C4620}.Release|Any CPU.Build.0 = Release|Any CPU
	EndGlobalSection
	GlobalSection(SolutionProperties) = preSolution
		HideSolutionNode = FALSE
	EndGlobalSection
	GlobalSection(ExtensibilityGlobals) = postSolution
		SolutionGuid = {CB8A70E9-0026-468C-AE74-2BA0938B149D}
	EndGlobalSection
EndGlobal
